// !$*UTF8*$!
{
	archiveVersion = 1;
	classes = {
	};
	objectVersion = 48;
	objects = {

/* Begin PBXBuildFile section */
		72498627204E30FB00A247C0 /* AppDelegate.swift in Sources */ = {isa = PBXBuildFile; fileRef = 72498626204E30FB00A247C0 /* AppDelegate.swift */; };
		72498629204E30FB00A247C0 /* ViewController.swift in Sources */ = {isa = PBXBuildFile; fileRef = 72498628204E30FB00A247C0 /* ViewController.swift */; };
		7249862C204E30FB00A247C0 /* Main.storyboard in Resources */ = {isa = PBXBuildFile; fileRef = 7249862A204E30FB00A247C0 /* Main.storyboard */; };
		7249862E204E30FB00A247C0 /* Assets.xcassets in Resources */ = {isa = PBXBuildFile; fileRef = 7249862D204E30FB00A247C0 /* Assets.xcassets */; };
		72498631204E30FB00A247C0 /* LaunchScreen.storyboard in Resources */ = {isa = PBXBuildFile; fileRef = 7249862F204E30FB00A247C0 /* LaunchScreen.storyboard */; };
		7249863C204E30FC00A247C0 /* LeetCodeTests.swift in Sources */ = {isa = PBXBuildFile; fileRef = 7249863B204E30FC00A247C0 /* LeetCodeTests.swift */; };
		72498647204E30FC00A247C0 /* LeetCodeUITests.swift in Sources */ = {isa = PBXBuildFile; fileRef = 72498646204E30FC00A247C0 /* LeetCodeUITests.swift */; };
		72498655204E311400A247C0 /* Solution.swift in Sources */ = {isa = PBXBuildFile; fileRef = 72498654204E311400A247C0 /* Solution.swift */; };
/* End PBXBuildFile section */

/* Begin PBXContainerItemProxy section */
		72498638204E30FC00A247C0 /* PBXContainerItemProxy */ = {
			isa = PBXContainerItemProxy;
			containerPortal = 7249861B204E30FB00A247C0 /* Project object */;
			proxyType = 1;
			remoteGlobalIDString = 72498622204E30FB00A247C0;
			remoteInfo = LeetCode;
		};
		72498643204E30FC00A247C0 /* PBXContainerItemProxy */ = {
			isa = PBXContainerItemProxy;
			containerPortal = 7249861B204E30FB00A247C0 /* Project object */;
			proxyType = 1;
			remoteGlobalIDString = 72498622204E30FB00A247C0;
			remoteInfo = LeetCode;
		};
/* End PBXContainerItemProxy section */

/* Begin PBXFileReference section */
		72498623204E30FB00A247C0 /* LeetCode.app */ = {isa = PBXFileReference; explicitFileType = wrapper.application; includeInIndex = 0; path = LeetCode.app; sourceTree = BUILT_PRODUCTS_DIR; };
		72498626204E30FB00A247C0 /* AppDelegate.swift */ = {isa = PBXFileReference; lastKnownFileType = sourcecode.swift; path = AppDelegate.swift; sourceTree = "<group>"; };
		72498628204E30FB00A247C0 /* ViewController.swift */ = {isa = PBXFileReference; lastKnownFileType = sourcecode.swift; path = ViewController.swift; sourceTree = "<group>"; };
		7249862B204E30FB00A247C0 /* Base */ = {isa = PBXFileReference; lastKnownFileType = file.storyboard; name = Base; path = Base.lproj/Main.storyboard; sourceTree = "<group>"; };
		7249862D204E30FB00A247C0 /* Assets.xcassets */ = {isa = PBXFileReference; lastKnownFileType = folder.assetcatalog; path = Assets.xcassets; sourceTree = "<group>"; };
		72498630204E30FB00A247C0 /* Base */ = {isa = PBXFileReference; lastKnownFileType = file.storyboard; name = Base; path = Base.lproj/LaunchScreen.storyboard; sourceTree = "<group>"; };
		72498632204E30FB00A247C0 /* Info.plist */ = {isa = PBXFileReference; lastKnownFileType = text.plist.xml; path = Info.plist; sourceTree = "<group>"; };
		72498637204E30FC00A247C0 /* LeetCodeTests.xctest */ = {isa = PBXFileReference; explicitFileType = wrapper.cfbundle; includeInIndex = 0; path = LeetCodeTests.xctest; sourceTree = BUILT_PRODUCTS_DIR; };
		7249863B204E30FC00A247C0 /* LeetCodeTests.swift */ = {isa = PBXFileReference; lastKnownFileType = sourcecode.swift; path = LeetCodeTests.swift; sourceTree = "<group>"; };
		7249863D204E30FC00A247C0 /* Info.plist */ = {isa = PBXFileReference; lastKnownFileType = text.plist.xml; path = Info.plist; sourceTree = "<group>"; };
		72498642204E30FC00A247C0 /* LeetCodeUITests.xctest */ = {isa = PBXFileReference; explicitFileType = wrapper.cfbundle; includeInIndex = 0; path = LeetCodeUITests.xctest; sourceTree = BUILT_PRODUCTS_DIR; };
		72498646204E30FC00A247C0 /* LeetCodeUITests.swift */ = {isa = PBXFileReference; lastKnownFileType = sourcecode.swift; path = LeetCodeUITests.swift; sourceTree = "<group>"; };
		72498648204E30FC00A247C0 /* Info.plist */ = {isa = PBXFileReference; lastKnownFileType = text.plist.xml; path = Info.plist; sourceTree = "<group>"; };
		72498654204E311400A247C0 /* Solution.swift */ = {isa = PBXFileReference; lastKnownFileType = sourcecode.swift; path = Solution.swift; sourceTree = "<group>"; };
/* End PBXFileReference section */

/* Begin PBXFrameworksBuildPhase section */
		72498620204E30FB00A247C0 /* Frameworks */ = {
			isa = PBXFrameworksBuildPhase;
			buildActionMask = 2147483647;
			files = (
			);
			runOnlyForDeploymentPostprocessing = 0;
		};
		72498634204E30FC00A247C0 /* Frameworks */ = {
			isa = PBXFrameworksBuildPhase;
			buildActionMask = 2147483647;
			files = (
			);
			runOnlyForDeploymentPostprocessing = 0;
		};
		7249863F204E30FC00A247C0 /* Frameworks */ = {
			isa = PBXFrameworksBuildPhase;
			buildActionMask = 2147483647;
			files = (
			);
			runOnlyForDeploymentPostprocessing = 0;
		};
/* End PBXFrameworksBuildPhase section */

/* Begin PBXGroup section */
		7249861A204E30FB00A247C0 = {
			isa = PBXGroup;
			children = (
				72498625204E30FB00A247C0 /* LeetCode */,
				7249863A204E30FC00A247C0 /* LeetCodeTests */,
				72498645204E30FC00A247C0 /* LeetCodeUITests */,
				72498624204E30FB00A247C0 /* Products */,
			);
			sourceTree = "<group>";
		};
		72498624204E30FB00A247C0 /* Products */ = {
			isa = PBXGroup;
			children = (
				72498623204E30FB00A247C0 /* LeetCode.app */,
				72498637204E30FC00A247C0 /* LeetCodeTests.xctest */,
				72498642204E30FC00A247C0 /* LeetCodeUITests.xctest */,
			);
			name = Products;
			sourceTree = "<group>";
		};
		72498625204E30FB00A247C0 /* LeetCode */ = {
			isa = PBXGroup;
			children = (
				72498626204E30FB00A247C0 /* AppDelegate.swift */,
				72498628204E30FB00A247C0 /* ViewController.swift */,
				72498654204E311400A247C0 /* Solution.swift */,
				7249862A204E30FB00A247C0 /* Main.storyboard */,
				7249862D204E30FB00A247C0 /* Assets.xcassets */,
				7249862F204E30FB00A247C0 /* LaunchScreen.storyboard */,
				72498632204E30FB00A247C0 /* Info.plist */,
			);
			path = LeetCode;
			sourceTree = "<group>";
		};
		7249863A204E30FC00A247C0 /* LeetCodeTests */ = {
			isa = PBXGroup;
			children = (
				7249863B204E30FC00A247C0 /* LeetCodeTests.swift */,
				7249863D204E30FC00A247C0 /* Info.plist */,
			);
			path = LeetCodeTests;
			sourceTree = "<group>";
		};
		72498645204E30FC00A247C0 /* LeetCodeUITests */ = {
			isa = PBXGroup;
			children = (
				72498646204E30FC00A247C0 /* LeetCodeUITests.swift */,
				72498648204E30FC00A247C0 /* Info.plist */,
			);
			path = LeetCodeUITests;
			sourceTree = "<group>";
		};
/* End PBXGroup section */

/* Begin PBXNativeTarget section */
		72498622204E30FB00A247C0 /* LeetCode */ = {
			isa = PBXNativeTarget;
			buildConfigurationList = 7249864B204E30FC00A247C0 /* Build configuration list for PBXNativeTarget "LeetCode" */;
			buildPhases = (
				7249861F204E30FB00A247C0 /* Sources */,
				72498620204E30FB00A247C0 /* Frameworks */,
				72498621204E30FB00A247C0 /* Resources */,
			);
			buildRules = (
			);
			dependencies = (
			);
			name = LeetCode;
			productName = LeetCode;
			productReference = 72498623204E30FB00A247C0 /* LeetCode.app */;
			productType = "com.apple.product-type.application";
		};
		72498636204E30FC00A247C0 /* LeetCodeTests */ = {
			isa = PBXNativeTarget;
			buildConfigurationList = 7249864E204E30FC00A247C0 /* Build configuration list for PBXNativeTarget "LeetCodeTests" */;
			buildPhases = (
				72498633204E30FC00A247C0 /* Sources */,
				72498634204E30FC00A247C0 /* Frameworks */,
				72498635204E30FC00A247C0 /* Resources */,
			);
			buildRules = (
			);
			dependencies = (
				72498639204E30FC00A247C0 /* PBXTargetDependency */,
			);
			name = LeetCodeTests;
			productName = LeetCodeTests;
			productReference = 72498637204E30FC00A247C0 /* LeetCodeTests.xctest */;
			productType = "com.apple.product-type.bundle.unit-test";
		};
		72498641204E30FC00A247C0 /* LeetCodeUITests */ = {
			isa = PBXNativeTarget;
			buildConfigurationList = 72498651204E30FC00A247C0 /* Build configuration list for PBXNativeTarget "LeetCodeUITests" */;
			buildPhases = (
				7249863E204E30FC00A247C0 /* Sources */,
				7249863F204E30FC00A247C0 /* Frameworks */,
				72498640204E30FC00A247C0 /* Resources */,
			);
			buildRules = (
			);
			dependencies = (
				72498644204E30FC00A247C0 /* PBXTargetDependency */,
			);
			name = LeetCodeUITests;
			productName = LeetCodeUITests;
			productReference = 72498642204E30FC00A247C0 /* LeetCodeUITests.xctest */;
			productType = "com.apple.product-type.bundle.ui-testing";
		};
/* End PBXNativeTarget section */

/* Begin PBXProject section */
		7249861B204E30FB00A247C0 /* Project object */ = {
			isa = PBXProject;
			attributes = {
				LastSwiftUpdateCheck = 0920;
				LastUpgradeCheck = 0920;
				ORGANIZATIONNAME = Xinbo;
				TargetAttributes = {
					72498622204E30FB00A247C0 = {
						CreatedOnToolsVersion = 9.2;
						ProvisioningStyle = Automatic;
					};
					72498636204E30FC00A247C0 = {
						CreatedOnToolsVersion = 9.2;
						ProvisioningStyle = Automatic;
						TestTargetID = 72498622204E30FB00A247C0;
					};
					72498641204E30FC00A247C0 = {
						CreatedOnToolsVersion = 9.2;
						ProvisioningStyle = Automatic;
						TestTargetID = 72498622204E30FB00A247C0;
					};
				};
			};
			buildConfigurationList = 7249861E204E30FB00A247C0 /* Build configuration list for PBXProject "LeetCode" */;
			compatibilityVersion = "Xcode 8.0";
			developmentRegion = en;
			hasScannedForEncodings = 0;
			knownRegions = (
				en,
				Base,
			);
			mainGroup = 7249861A204E30FB00A247C0;
			productRefGroup = 72498624204E30FB00A247C0 /* Products */;
			projectDirPath = "";
			projectRoot = "";
			targets = (
				72498622204E30FB00A247C0 /* LeetCode */,
				72498636204E30FC00A247C0 /* LeetCodeTests */,
				72498641204E30FC00A247C0 /* LeetCodeUITests */,
			);
		};
/* End PBXProject section */

/* Begin PBXResourcesBuildPhase section */
		72498621204E30FB00A247C0 /* Resources */ = {
			isa = PBXResourcesBuildPhase;
			buildActionMask = 2147483647;
			files = (
				72498631204E30FB00A247C0 /* LaunchScreen.storyboard in Resources */,
				7249862E204E30FB00A247C0 /* Assets.xcassets in Resources */,
				7249862C204E30FB00A247C0 /* Main.storyboard in Resources */,
			);
			runOnlyForDeploymentPostprocessing = 0;
		};
		72498635204E30FC00A247C0 /* Resources */ = {
			isa = PBXResourcesBuildPhase;
			buildActionMask = 2147483647;
			files = (
			);
			runOnlyForDeploymentPostprocessing = 0;
		};
		72498640204E30FC00A247C0 /* Resources */ = {
			isa = PBXResourcesBuildPhase;
			buildActionMask = 2147483647;
			files = (
			);
			runOnlyForDeploymentPostprocessing = 0;
		};
/* End PBXResourcesBuildPhase section */

/* Begin PBXSourcesBuildPhase section */
		7249861F204E30FB00A247C0 /* Sources */ = {
			isa = PBXSourcesBuildPhase;
			buildActionMask = 2147483647;
			files = (
				72498629204E30FB00A247C0 /* ViewController.swift in Sources */,
				72498627204E30FB00A247C0 /* AppDelegate.swift in Sources */,
				72498655204E311400A247C0 /* Solution.swift in Sources */,
			);
			runOnlyForDeploymentPostprocessing = 0;
		};
		72498633204E30FC00A247C0 /* Sources */ = {
			isa = PBXSourcesBuildPhase;
			buildActionMask = 2147483647;
			files = (
				7249863C204E30FC00A247C0 /* LeetCodeTests.swift in Sources */,
			);
			runOnlyForDeploymentPostprocessing = 0;
		};
		7249863E204E30FC00A247C0 /* Sources */ = {
			isa = PBXSourcesBuildPhase;
			buildActionMask = 2147483647;
			files = (
				72498647204E30FC00A247C0 /* LeetCodeUITests.swift in Sources */,
			);
			runOnlyForDeploymentPostprocessing = 0;
		};
/* End PBXSourcesBuildPhase section */

/* Begin PBXTargetDependency section */
		72498639204E30FC00A247C0 /* PBXTargetDependency */ = {
			isa = PBXTargetDependency;
			target = 72498622204E30FB00A247C0 /* LeetCode */;
			targetProxy = 72498638204E30FC00A247C0 /* PBXContainerItemProxy */;
		};
		72498644204E30FC00A247C0 /* PBXTargetDependency */ = {
			isa = PBXTargetDependency;
			target = 72498622204E30FB00A247C0 /* LeetCode */;
			targetProxy = 72498643204E30FC00A247C0 /* PBXContainerItemProxy */;
		};
/* End PBXTargetDependency section */

/* Begin PBXVariantGroup section */
		7249862A204E30FB00A247C0 /* Main.storyboard */ = {
			isa = PBXVariantGroup;
			children = (
				7249862B204E30FB00A247C0 /* Base */,
			);
			name = Main.storyboard;
			sourceTree = "<group>";
		};
		7249862F204E30FB00A247C0 /* LaunchScreen.storyboard */ = {
			isa = PBXVariantGroup;
			children = (
				72498630204E30FB00A247C0 /* Base */,
			);
			name = LaunchScreen.storyboard;
			sourceTree = "<group>";
		};
/* End PBXVariantGroup section */

/* Begin XCBuildConfiguration section */
		72498649204E30FC00A247C0 /* Debug */ = {
			isa = XCBuildConfiguration;
			buildSettings = {
				ALWAYS_SEARCH_USER_PATHS = NO;
				CLANG_ANALYZER_NONNULL = YES;
				CLANG_ANALYZER_NUMBER_OBJECT_CONVERSION = YES_AGGRESSIVE;
				CLANG_CXX_LANGUAGE_STANDARD = "gnu++14";
				CLANG_CXX_LIBRARY = "libc++";
				CLANG_ENABLE_MODULES = YES;
				CLANG_ENABLE_OBJC_ARC = YES;
				CLANG_WARN_BLOCK_CAPTURE_AUTORELEASING = YES;
				CLANG_WARN_BOOL_CONVERSION = YES;
				CLANG_WARN_COMMA = YES;
				CLANG_WARN_CONSTANT_CONVERSION = YES;
				CLANG_WARN_DIRECT_OBJC_ISA_USAGE = YES_ERROR;
				CLANG_WARN_DOCUMENTATION_COMMENTS = YES;
				CLANG_WARN_EMPTY_BODY = YES;
				CLANG_WARN_ENUM_CONVERSION = YES;
				CLANG_WARN_INFINITE_RECURSION = YES;
				CLANG_WARN_INT_CONVERSION = YES;
				CLANG_WARN_NON_LITERAL_NULL_CONVERSION = YES;
				CLANG_WARN_OBJC_LITERAL_CONVERSION = YES;
				CLANG_WARN_OBJC_ROOT_CLASS = YES_ERROR;
				CLANG_WARN_RANGE_LOOP_ANALYSIS = YES;
				CLANG_WARN_STRICT_PROTOTYPES = YES;
				CLANG_WARN_SUSPICIOUS_MOVE = YES;
				CLANG_WARN_UNGUARDED_AVAILABILITY = YES_AGGRESSIVE;
				CLANG_WARN_UNREACHABLE_CODE = YES;
				CLANG_WARN__DUPLICATE_METHOD_MATCH = YES;
				CODE_SIGN_IDENTITY = "iPhone Developer";
				COPY_PHASE_STRIP = NO;
				DEBUG_INFORMATION_FORMAT = dwarf;
				ENABLE_STRICT_OBJC_MSGSEND = YES;
				ENABLE_TESTABILITY = YES;
				GCC_C_LANGUAGE_STANDARD = gnu11;
				GCC_DYNAMIC_NO_PIC = NO;
				GCC_NO_COMMON_BLOCKS = YES;
				GCC_OPTIMIZATION_LEVEL = 0;
				GCC_PREPROCESSOR_DEFINITIONS = (
					"DEBUG=1",
					"$(inherited)",
				);
				GCC_WARN_64_TO_32_BIT_CONVERSION = YES;
				GCC_WARN_ABOUT_RETURN_TYPE = YES_ERROR;
				GCC_WARN_UNDECLARED_SELECTOR = YES;
				GCC_WARN_UNINITIALIZED_AUTOS = YES_AGGRESSIVE;
				GCC_WARN_UNUSED_FUNCTION = YES;
				GCC_WARN_UNUSED_VARIABLE = YES;
				IPHONEOS_DEPLOYMENT_TARGET = 11.2;
				MTL_ENABLE_DEBUG_INFO = YES;
				ONLY_ACTIVE_ARCH = YES;
				SDKROOT = iphoneos;
				SWIFT_ACTIVE_COMPILATION_CONDITIONS = DEBUG;
				SWIFT_OPTIMIZATION_LEVEL = "-Onone";
			};
			name = Debug;
		};
		7249864A204E30FC00A247C0 /* Release */ = {
			isa = XCBuildConfiguration;
			buildSettings = {
				ALWAYS_SEARCH_USER_PATHS = NO;
				CLANG_ANALYZER_NONNULL = YES;
				CLANG_ANALYZER_NUMBER_OBJECT_CONVERSION = YES_AGGRESSIVE;
				CLANG_CXX_LANGUAGE_STANDARD = "gnu++14";
				CLANG_CXX_LIBRARY = "libc++";
				CLANG_ENABLE_MODULES = YES;
				CLANG_ENABLE_OBJC_ARC = YES;
				CLANG_WARN_BLOCK_CAPTURE_AUTORELEASING = YES;
				CLANG_WARN_BOOL_CONVERSION = YES;
				CLANG_WARN_COMMA = YES;
				CLANG_WARN_CONSTANT_CONVERSION = YES;
				CLANG_WARN_DIRECT_OBJC_ISA_USAGE = YES_ERROR;
				CLANG_WARN_DOCUMENTATION_COMMENTS = YES;
				CLANG_WARN_EMPTY_BODY = YES;
				CLANG_WARN_ENUM_CONVERSION = YES;
				CLANG_WARN_INFINITE_RECURSION = YES;
				CLANG_WARN_INT_CONVERSION = YES;
				CLANG_WARN_NON_LITERAL_NULL_CONVERSION = YES;
				CLANG_WARN_OBJC_LITERAL_CONVERSION = YES;
				CLANG_WARN_OBJC_ROOT_CLASS = YES_ERROR;
				CLANG_WARN_RANGE_LOOP_ANALYSIS = YES;
				CLANG_WARN_STRICT_PROTOTYPES = YES;
				CLANG_WARN_SUSPICIOUS_MOVE = YES;
				CLANG_WARN_UNGUARDED_AVAILABILITY = YES_AGGRESSIVE;
				CLANG_WARN_UNREACHABLE_CODE = YES;
				CLANG_WARN__DUPLICATE_METHOD_MATCH = YES;
				CODE_SIGN_IDENTITY = "iPhone Developer";
				COPY_PHASE_STRIP = NO;
				DEBUG_INFORMATION_FORMAT = "dwarf-with-dsym";
				ENABLE_NS_ASSERTIONS = NO;
				ENABLE_STRICT_OBJC_MSGSEND = YES;
				GCC_C_LANGUAGE_STANDARD = gnu11;
				GCC_NO_COMMON_BLOCKS = YES;
				GCC_WARN_64_TO_32_BIT_CONVERSION = YES;
				GCC_WARN_ABOUT_RETURN_TYPE = YES_ERROR;
				GCC_WARN_UNDECLARED_SELECTOR = YES;
				GCC_WARN_UNINITIALIZED_AUTOS = YES_AGGRESSIVE;
				GCC_WARN_UNUSED_FUNCTION = YES;
				GCC_WARN_UNUSED_VARIABLE = YES;
				IPHONEOS_DEPLOYMENT_TARGET = 11.2;
				MTL_ENABLE_DEBUG_INFO = NO;
				SDKROOT = iphoneos;
				SWIFT_OPTIMIZATION_LEVEL = "-Owholemodule";
				VALIDATE_PRODUCT = YES;
			};
			name = Release;
		};
		7249864C204E30FC00A247C0 /* Debug */ = {
			isa = XCBuildConfiguration;
			buildSettings = {
				ASSETCATALOG_COMPILER_APPICON_NAME = AppIcon;
				CODE_SIGN_STYLE = Automatic;
				DEVELOPMENT_TEAM = XD2M76FLUH;
				INFOPLIST_FILE = LeetCode/Info.plist;
				LD_RUNPATH_SEARCH_PATHS = "$(inherited) @executable_path/Frameworks";
				PRODUCT_BUNDLE_IDENTIFIER = com.Xinbo.LeetCode;
				PRODUCT_NAME = "$(TARGET_NAME)";
				SWIFT_VERSION = 4.0;
				TARGETED_DEVICE_FAMILY = "1,2";
			};
			name = Debug;
		};
		7249864D204E30FC00A247C0 /* Release */ = {
			isa = XCBuildConfiguration;
			buildSettings = {
				ASSETCATALOG_COMPILER_APPICON_NAME = AppIcon;
				CODE_SIGN_STYLE = Automatic;
				DEVELOPMENT_TEAM = XD2M76FLUH;
				INFOPLIST_FILE = LeetCode/Info.plist;
				LD_RUNPATH_SEARCH_PATHS = "$(inherited) @executable_path/Frameworks";
				PRODUCT_BUNDLE_IDENTIFIER = com.Xinbo.LeetCode;
				PRODUCT_NAME = "$(TARGET_NAME)";
				SWIFT_VERSION = 4.0;
				TARGETED_DEVICE_FAMILY = "1,2";
			};
			name = Release;
		};
		7249864F204E30FC00A247C0 /* Debug */ = {
			isa = XCBuildConfiguration;
			buildSettings = {
				ALWAYS_EMBED_SWIFT_STANDARD_LIBRARIES = YES;
				BUNDLE_LOADER = "$(TEST_HOST)";
				CODE_SIGN_STYLE = Automatic;
				DEVELOPMENT_TEAM = XD2M76FLUH;
				INFOPLIST_FILE = LeetCodeTests/Info.plist;
				LD_RUNPATH_SEARCH_PATHS = "$(inherited) @executable_path/Frameworks @loader_path/Frameworks";
				PRODUCT_BUNDLE_IDENTIFIER = com.Xinbo.LeetCodeTests;
				PRODUCT_NAME = "$(TARGET_NAME)";
				SWIFT_VERSION = 4.0;
				TARGETED_DEVICE_FAMILY = "1,2";
				TEST_HOST = "$(BUILT_PRODUCTS_DIR)/LeetCode.app/LeetCode";
			};
			name = Debug;
		};
		72498650204E30FC00A247C0 /* Release */ = {
			isa = XCBuildConfiguration;
			buildSettings = {
				ALWAYS_EMBED_SWIFT_STANDARD_LIBRARIES = YES;
				BUNDLE_LOADER = "$(TEST_HOST)";
				CODE_SIGN_STYLE = Automatic;
				DEVELOPMENT_TEAM = XD2M76FLUH;
				INFOPLIST_FILE = LeetCodeTests/Info.plist;
				LD_RUNPATH_SEARCH_PATHS = "$(inherited) @executable_path/Frameworks @loader_path/Frameworks";
				PRODUCT_BUNDLE_IDENTIFIER = com.Xinbo.LeetCodeTests;
				PRODUCT_NAME = "$(TARGET_NAME)";
				SWIFT_VERSION = 4.0;
				TARGETED_DEVICE_FAMILY = "1,2";
				TEST_HOST = "$(BUILT_PRODUCTS_DIR)/LeetCode.app/LeetCode";
			};
			name = Release;
		};
		72498652204E30FC00A247C0 /* Debug */ = {
			isa = XCBuildConfiguration;
			buildSettings = {
				ALWAYS_EMBED_SWIFT_STANDARD_LIBRARIES = YES;
				CODE_SIGN_STYLE = Automatic;
				DEVELOPMENT_TEAM = XD2M76FLUH;
				INFOPLIST_FILE = LeetCodeUITests/Info.plist;
				LD_RUNPATH_SEARCH_PATHS = "$(inherited) @executable_path/Frameworks @loader_path/Frameworks";
				PRODUCT_BUNDLE_IDENTIFIER = com.Xinbo.LeetCodeUITests;
				PRODUCT_NAME = "$(TARGET_NAME)";
				SWIFT_VERSION = 4.0;
				TARGETED_DEVICE_FAMILY = "1,2";
				TEST_TARGET_NAME = LeetCode;
			};
			name = Debug;
		};
		72498653204E30FC00A247C0 /* Release */ = {
			isa = XCBuildConfiguration;
			buildSettings = {
				ALWAYS_EMBED_SWIFT_STANDARD_LIBRARIES = YES;
				CODE_SIGN_STYLE = Automatic;
				DEVELOPMENT_TEAM = XD2M76FLUH;
				INFOPLIST_FILE = LeetCodeUITests/Info.plist;
				LD_RUNPATH_SEARCH_PATHS = "$(inherited) @executable_path/Frameworks @loader_path/Frameworks";
				PRODUCT_BUNDLE_IDENTIFIER = com.Xinbo.LeetCodeUITests;
				PRODUCT_NAME = "$(TARGET_NAME)";
				SWIFT_VERSION = 4.0;
				TARGETED_DEVICE_FAMILY = "1,2";
				TEST_TARGET_NAME = LeetCode;
			};
			name = Release;
		};
/* End XCBuildConfiguration section */

/* Begin XCConfigurationList section */
		7249861E204E30FB00A247C0 /* Build configuration list for PBXProject "LeetCode" */ = {
			isa = XCConfigurationList;
			buildConfigurations = (
				72498649204E30FC00A247C0 /* Debug */,
				7249864A204E30FC00A247C0 /* Release */,
			);
			defaultConfigurationIsVisible = 0;
			defaultConfigurationName = Release;
		};
		7249864B204E30FC00A247C0 /* Build configuration list for PBXNativeTarget "LeetCode" */ = {
			isa = XCConfigurationList;
			buildConfigurations = (
				7249864C204E30FC00A247C0 /* Debug */,
				7249864D204E30FC00A247C0 /* Release */,
			);
			defaultConfigurationIsVisible = 0;
			defaultConfigurationName = Release;
		};
		7249864E204E30FC00A247C0 /* Build configuration list for PBXNativeTarget "LeetCodeTests" */ = {
			isa = XCConfigurationList;
			buildConfigurations = (
				7249864F204E30FC00A247C0 /* Debug */,
				72498650204E30FC00A247C0 /* Release */,
			);
			defaultConfigurationIsVisible = 0;
			defaultConfigurationName = Release;
		};
		72498651204E30FC00A247C0 /* Build configuration list for PBXNativeTarget "LeetCodeUITests" */ = {
			isa = XCConfigurationList;
			buildConfigurations = (
				72498652204E30FC00A247C0 /* Debug */,
				72498653204E30FC00A247C0 /* Release */,
			);
			defaultConfigurationIsVisible = 0;
			defaultConfigurationName = Release;
		};
/* End XCConfigurationList section */
	};
	rootObject = 7249861B204E30FB00A247C0 /* Project object */;
}
